
Microsoft Visual Studio Solution File, Format Version 12.00
# Visual Studio Version 17
VisualStudioVersion = 17.0.32112.339
MinimumVisualStudioVersion = 10.0.40219.1
Project("{FAE04EC0-301F-11D3-BF4B-00C04F79EFBC}") = "Lesson2_Authentification_Task", "Lesson2_Authentification_Task\Lesson2_Authentification_Task.csproj", "{67EBFC11-D122-4EFA-8A85-6870777897E0}"
EndProject
Global
	GlobalSection(SolutionConfigurationPlatforms) = preSolution
		Debug|Any CPU = Debug|Any CPU
		Release|Any CPU = Release|Any CPU
	EndGlobalSection
	GlobalSection(ProjectConfigurationPlatforms) = postSolution
		{67EBFC11-D122-4EFA-8A85-6870777897E0}.Debug|Any CPU.ActiveCfg = Debug|Any CPU
		{67EBFC11-D122-4EFA-8A85-6870777897E0}.Debug|Any CPU.Build.0 = Debug|Any CPU
		{67EBFC11-D122-4EFA-8A85-6870777897E0}.Release|Any CPU.ActiveCfg = Release|Any CPU
		{67EBFC11-D122-4EFA-8A85-6870777897E0}.Release|Any CPU.Build.0 = Release|Any CPU
	EndGlobalSection
	GlobalSection(SolutionProperties) = preSolution
		HideSolutionNode = FALSE
	EndGlobalSection
	GlobalSection(ExtensibilityGlobals) = postSolution
		SolutionGuid = {ACF93082-8D55-4771-B2C2-413721549543}
	EndGlobalSection
EndGlobal
