
Microsoft Visual Studio Solution File, Format Version 12.00
# Visual Studio Version 17
VisualStudioVersion = 17.0.32112.339
MinimumVisualStudioVersion = 10.0.40219.1
Project("{9A19103F-16F7-4668-BE54-9A1E7A4F7556}") = "ConsoleApp1", "ConsoleApp1\ConsoleApp1.csproj", "{44AE1ABA-E127-423A-A197-9D0E60FC04A3}"
EndProject
Project("{FAE04EC0-301F-11D3-BF4B-00C04F79EFBC}") = "Task2", "Task2\Task2.csproj", "{A929881A-EA08-4C3B-A814-88C6204E4AB5}"
EndProject
Global
	GlobalSection(SolutionConfigurationPlatforms) = preSolution
		Debug|Any CPU = Debug|Any CPU
		Release|Any CPU = Release|Any CPU
	EndGlobalSection
	GlobalSection(ProjectConfigurationPlatforms) = postSolution
		{44AE1ABA-E127-423A-A197-9D0E60FC04A3}.Debug|Any CPU.ActiveCfg = Debug|Any CPU
		{44AE1ABA-E127-423A-A197-9D0E60FC04A3}.Debug|Any CPU.Build.0 = Debug|Any CPU
		{44AE1ABA-E127-423A-A197-9D0E60FC04A3}.Release|Any CPU.ActiveCfg = Release|Any CPU
		{44AE1ABA-E127-423A-A197-9D0E60FC04A3}.Release|Any CPU.Build.0 = Release|Any CPU
		{A929881A-EA08-4C3B-A814-88C6204E4AB5}.Debug|Any CPU.ActiveCfg = Debug|Any CPU
		{A929881A-EA08-4C3B-A814-88C6204E4AB5}.Debug|Any CPU.Build.0 = Debug|Any CPU
		{A929881A-EA08-4C3B-A814-88C6204E4AB5}.Release|Any CPU.ActiveCfg = Release|Any CPU
		{A929881A-EA08-4C3B-A814-88C6204E4AB5}.Release|Any CPU.Build.0 = Release|Any CPU
	EndGlobalSection
	GlobalSection(SolutionProperties) = preSolution
		HideSolutionNode = FALSE
	EndGlobalSection
	GlobalSection(ExtensibilityGlobals) = postSolution
		SolutionGuid = {F2E53A43-0BDC-4AB2-A8D4-50F3BEB53E38}
	EndGlobalSection
EndGlobal
